
Microsoft Visual Studio Solution File, Format Version 12.00
# Visual Studio Version 17
VisualStudioVersion = 17.0.32014.148
MinimumVisualStudioVersion = 10.0.40219.1
Project("{FAE04EC0-301F-11D3-BF4B-00C04F79EFBC}") = "amazonAPI", "amazonAPI\amazonAPI.csproj", "{53332EC7-D264-4000-8F3D-43986ED32C98}"
EndProject
Global
	GlobalSection(SolutionConfigurationPlatforms) = preSolution
		Debug|Any CPU = Debug|Any CPU
		Release|Any CPU = Release|Any CPU
	EndGlobalSection
	GlobalSection(ProjectConfigurationPlatforms) = postSolution
		{53332EC7-D264-4000-8F3D-43986ED32C98}.Debug|Any CPU.ActiveCfg = Debug|Any CPU
		{53332EC7-D264-4000-8F3D-43986ED32C98}.Debug|Any CPU.Build.0 = Debug|Any CPU
		{53332EC7-D264-4000-8F3D-43986ED32C98}.Release|Any CPU.ActiveCfg = Release|Any CPU
		{53332EC7-D264-4000-8F3D-43986ED32C98}.Release|Any CPU.Build.0 = Release|Any CPU
	EndGlobalSection
	GlobalSection(SolutionProperties) = preSolution
		HideSolutionNode = FALSE
	EndGlobalSection
	GlobalSection(ExtensibilityGlobals) = postSolution
		SolutionGuid = {CD6A8ED0-69A7-4DAD-A3E5-1209920F0588}
	EndGlobalSection
EndGlobal
